// !$*UTF8*$!
{
	archiveVersion = 1;
	classes = {
	};
	objectVersion = 55;
	objects = {

/* Begin PBXBuildFile section */
		EE0841FC281A06CC00294585 /* GamePlay.storyboard in Resources */ = {isa = PBXBuildFile; fileRef = EE0841FB281A06CB00294585 /* GamePlay.storyboard */; };
		EE084200281A075000294585 /* GamePlayViewController.swift in Sources */ = {isa = PBXBuildFile; fileRef = EE0841FF281A075000294585 /* GamePlayViewController.swift */; };
		EE084204281A8C1A00294585 /* AppUtility.swift in Sources */ = {isa = PBXBuildFile; fileRef = EE084203281A8C1A00294585 /* AppUtility.swift */; };
		EE0D0748280CBF3E00225886 /* Configurations.storyboard in Resources */ = {isa = PBXBuildFile; fileRef = EE0D0747280CBF3E00225886 /* Configurations.storyboard */; };
		EE24399F284959B70041D084 /* Connectivity.swift in Sources */ = {isa = PBXBuildFile; fileRef = EE24399E284959B60041D084 /* Connectivity.swift */; };
		EE26A88C2826F7D200B9AC68 /* countdown.wav in Resources */ = {isa = PBXBuildFile; fileRef = EE26A88B2826F7D200B9AC68 /* countdown.wav */; };
		EE301A2428196DE10022E03E /* Categories.swift in Sources */ = {isa = PBXBuildFile; fileRef = EE301A2328196DE10022E03E /* Categories.swift */; };
		EE30EDFA2819A2A900639B98 /* Songs.plist in Resources */ = {isa = PBXBuildFile; fileRef = EE30EDF92819A2A900639B98 /* Songs.plist */; };
		EE346DEA28101A3D009AE78A /* ConfigurationsViewController.swift in Sources */ = {isa = PBXBuildFile; fileRef = EE346DE928101A3D009AE78A /* ConfigurationsViewController.swift */; };
		EE395659282D864000590C73 /* RulesViewController.swift in Sources */ = {isa = PBXBuildFile; fileRef = EE395658282D864000590C73 /* RulesViewController.swift */; };
		EE670A6D285C687300345429 /* Alamofire in Frameworks */ = {isa = PBXBuildFile; productRef = EE670A6C285C687300345429 /* Alamofire */; };
		EE699A052847C6E200C34C4E /* Colors.xcassets in Resources */ = {isa = PBXBuildFile; fileRef = EE699A042847C6E200C34C4E /* Colors.xcassets */; };
		EE699A072847F20700C34C4E /* ConfigurationsViewController+Extensions.swift in Sources */ = {isa = PBXBuildFile; fileRef = EE699A062847F20700C34C4E /* ConfigurationsViewController+Extensions.swift */; };
		EE6D1A2D283BC1B0004491C4 /* States.swift in Sources */ = {isa = PBXBuildFile; fileRef = EE6D1A2C283BC1B0004491C4 /* States.swift */; };
		EE88986328234543003386CD /* Media.xcassets in Resources */ = {isa = PBXBuildFile; fileRef = EE88986228234543003386CD /* Media.xcassets */; };
		EE893B7A2807453B004F1B5E /* AppDelegate.swift in Sources */ = {isa = PBXBuildFile; fileRef = EE893B792807453B004F1B5E /* AppDelegate.swift */; };
		EE893B7C2807453B004F1B5E /* SceneDelegate.swift in Sources */ = {isa = PBXBuildFile; fileRef = EE893B7B2807453B004F1B5E /* SceneDelegate.swift */; };
		EE893B812807453B004F1B5E /* Main.storyboard in Resources */ = {isa = PBXBuildFile; fileRef = EE893B7F2807453B004F1B5E /* Main.storyboard */; };
		EE893B862807453C004F1B5E /* LaunchScreen.storyboard in Resources */ = {isa = PBXBuildFile; fileRef = EE893B842807453C004F1B5E /* LaunchScreen.storyboard */; };
		EE893B912807453C004F1B5E /* PanicSingerTests.swift in Sources */ = {isa = PBXBuildFile; fileRef = EE893B902807453C004F1B5E /* PanicSingerTests.swift */; };
		EE893B9B2807453C004F1B5E /* PanicSingerUITests.swift in Sources */ = {isa = PBXBuildFile; fileRef = EE893B9A2807453C004F1B5E /* PanicSingerUITests.swift */; };
		EE893B9D2807453C004F1B5E /* PanicSingerUITestsLaunchTests.swift in Sources */ = {isa = PBXBuildFile; fileRef = EE893B9C2807453C004F1B5E /* PanicSingerUITestsLaunchTests.swift */; };
		EED5AACC2832435B00ABBCCE /* CategoryCollectionViewCell.swift in Sources */ = {isa = PBXBuildFile; fileRef = EED5AACB2832435B00ABBCCE /* CategoryCollectionViewCell.swift */; };
		EED5AACE2832511E00ABBCCE /* Category.swift in Sources */ = {isa = PBXBuildFile; fileRef = EED5AACD2832511E00ABBCCE /* Category.swift */; };
		EEE5229028310F2600D665E5 /* HeaderCollectionReusableView.swift in Sources */ = {isa = PBXBuildFile; fileRef = EEE5228F28310F2600D665E5 /* HeaderCollectionReusableView.swift */; };
		EEE5229228311A9400D665E5 /* PurchaseView.storyboard in Resources */ = {isa = PBXBuildFile; fileRef = EEE5229128311A9400D665E5 /* PurchaseView.storyboard */; };
		EEE5229428311C2700D665E5 /* PurchaseViewController.swift in Sources */ = {isa = PBXBuildFile; fileRef = EEE5229328311C2700D665E5 /* PurchaseViewController.swift */; };
		EEE71525285C670400382B8D /* SwiftySound in Frameworks */ = {isa = PBXBuildFile; productRef = EEE71524285C670400382B8D /* SwiftySound */; };
		EEF4E0772808AAFF002696CC /* CategoryCollectionViewController.swift in Sources */ = {isa = PBXBuildFile; fileRef = EEF4E0762808AAFF002696CC /* CategoryCollectionViewController.swift */; };
/* End PBXBuildFile section */

/* Begin PBXContainerItemProxy section */
		EE893B8D2807453C004F1B5E /* PBXContainerItemProxy */ = {
			isa = PBXContainerItemProxy;
			containerPortal = EE893B6E2807453B004F1B5E /* Project object */;
			proxyType = 1;
			remoteGlobalIDString = EE893B752807453B004F1B5E;
			remoteInfo = PanicSinger;
		};
		EE893B972807453C004F1B5E /* PBXContainerItemProxy */ = {
			isa = PBXContainerItemProxy;
			containerPortal = EE893B6E2807453B004F1B5E /* Project object */;
			proxyType = 1;
			remoteGlobalIDString = EE893B752807453B004F1B5E;
			remoteInfo = PanicSinger;
		};
/* End PBXContainerItemProxy section */

/* Begin PBXFileReference section */
		EE0841FB281A06CB00294585 /* GamePlay.storyboard */ = {isa = PBXFileReference; lastKnownFileType = file.storyboard; path = GamePlay.storyboard; sourceTree = "<group>"; };
		EE0841FF281A075000294585 /* GamePlayViewController.swift */ = {isa = PBXFileReference; lastKnownFileType = sourcecode.swift; path = GamePlayViewController.swift; sourceTree = "<group>"; };
		EE084203281A8C1A00294585 /* AppUtility.swift */ = {isa = PBXFileReference; lastKnownFileType = sourcecode.swift; path = AppUtility.swift; sourceTree = "<group>"; };
		EE0D0747280CBF3E00225886 /* Configurations.storyboard */ = {isa = PBXFileReference; lastKnownFileType = file.storyboard; path = Configurations.storyboard; sourceTree = "<group>"; };
		EE24399E284959B60041D084 /* Connectivity.swift */ = {isa = PBXFileReference; lastKnownFileType = sourcecode.swift; path = Connectivity.swift; sourceTree = "<group>"; };
		EE26A88B2826F7D200B9AC68 /* countdown.wav */ = {isa = PBXFileReference; lastKnownFileType = audio.wav; name = countdown.wav; path = ../../../../Downloads/countdown.wav; sourceTree = "<group>"; };
		EE301A2328196DE10022E03E /* Categories.swift */ = {isa = PBXFileReference; lastKnownFileType = sourcecode.swift; path = Categories.swift; sourceTree = "<group>"; };
		EE30EDF92819A2A900639B98 /* Songs.plist */ = {isa = PBXFileReference; lastKnownFileType = text.plist.xml; path = Songs.plist; sourceTree = "<group>"; };
		EE3317AA284E3BB800E15AB9 /* PanicSinger.app */ = {isa = PBXFileReference; explicitFileType = wrapper.application; includeInIndex = 0; path = PanicSinger.app; sourceTree = BUILT_PRODUCTS_DIR; };
		EE3317AB284E3BB800E15AB9 /* PanicSingerTests.xctest */ = {isa = PBXFileReference; explicitFileType = wrapper.cfbundle; includeInIndex = 0; path = PanicSingerTests.xctest; sourceTree = BUILT_PRODUCTS_DIR; };
		EE3317AC284E3BB800E15AB9 /* PanicSingerUITests.xctest */ = {isa = PBXFileReference; explicitFileType = wrapper.cfbundle; includeInIndex = 0; path = PanicSingerUITests.xctest; sourceTree = BUILT_PRODUCTS_DIR; };
		EE346DE928101A3D009AE78A /* ConfigurationsViewController.swift */ = {isa = PBXFileReference; lastKnownFileType = sourcecode.swift; path = ConfigurationsViewController.swift; sourceTree = "<group>"; };
		EE395658282D864000590C73 /* RulesViewController.swift */ = {isa = PBXFileReference; lastKnownFileType = sourcecode.swift; path = RulesViewController.swift; sourceTree = "<group>"; };
		EE699A042847C6E200C34C4E /* Colors.xcassets */ = {isa = PBXFileReference; lastKnownFileType = folder.assetcatalog; path = Colors.xcassets; sourceTree = "<group>"; };
		EE699A062847F20700C34C4E /* ConfigurationsViewController+Extensions.swift */ = {isa = PBXFileReference; lastKnownFileType = sourcecode.swift; path = "ConfigurationsViewController+Extensions.swift"; sourceTree = "<group>"; };
		EE6D1A2C283BC1B0004491C4 /* States.swift */ = {isa = PBXFileReference; lastKnownFileType = sourcecode.swift; path = States.swift; sourceTree = "<group>"; };
		EE88986228234543003386CD /* Media.xcassets */ = {isa = PBXFileReference; lastKnownFileType = folder.assetcatalog; path = Media.xcassets; sourceTree = "<group>"; };
		EE893B792807453B004F1B5E /* AppDelegate.swift */ = {isa = PBXFileReference; lastKnownFileType = sourcecode.swift; path = AppDelegate.swift; sourceTree = "<group>"; };
		EE893B7B2807453B004F1B5E /* SceneDelegate.swift */ = {isa = PBXFileReference; lastKnownFileType = sourcecode.swift; path = SceneDelegate.swift; sourceTree = "<group>"; };
		EE893B802807453B004F1B5E /* Base */ = {isa = PBXFileReference; lastKnownFileType = file.storyboard; name = Base; path = Base.lproj/Main.storyboard; sourceTree = "<group>"; };
		EE893B852807453C004F1B5E /* Base */ = {isa = PBXFileReference; lastKnownFileType = file.storyboard; name = Base; path = Base.lproj/LaunchScreen.storyboard; sourceTree = "<group>"; };
		EE893B872807453C004F1B5E /* Info.plist */ = {isa = PBXFileReference; lastKnownFileType = text.plist.xml; path = Info.plist; sourceTree = "<group>"; };
		EE893B902807453C004F1B5E /* PanicSingerTests.swift */ = {isa = PBXFileReference; lastKnownFileType = sourcecode.swift; path = PanicSingerTests.swift; sourceTree = "<group>"; };
		EE893B9A2807453C004F1B5E /* PanicSingerUITests.swift */ = {isa = PBXFileReference; lastKnownFileType = sourcecode.swift; path = PanicSingerUITests.swift; sourceTree = "<group>"; };
		EE893B9C2807453C004F1B5E /* PanicSingerUITestsLaunchTests.swift */ = {isa = PBXFileReference; lastKnownFileType = sourcecode.swift; path = PanicSingerUITestsLaunchTests.swift; sourceTree = "<group>"; };
		EED5AACB2832435B00ABBCCE /* CategoryCollectionViewCell.swift */ = {isa = PBXFileReference; lastKnownFileType = sourcecode.swift; path = CategoryCollectionViewCell.swift; sourceTree = "<group>"; };
		EED5AACD2832511E00ABBCCE /* Category.swift */ = {isa = PBXFileReference; lastKnownFileType = sourcecode.swift; path = Category.swift; sourceTree = "<group>"; };
		EEE5228F28310F2600D665E5 /* HeaderCollectionReusableView.swift */ = {isa = PBXFileReference; fileEncoding = 4; lastKnownFileType = sourcecode.swift; path = HeaderCollectionReusableView.swift; sourceTree = "<group>"; };
		EEE5229128311A9400D665E5 /* PurchaseView.storyboard */ = {isa = PBXFileReference; lastKnownFileType = file.storyboard; path = PurchaseView.storyboard; sourceTree = "<group>"; };
		EEE5229328311C2700D665E5 /* PurchaseViewController.swift */ = {isa = PBXFileReference; lastKnownFileType = sourcecode.swift; path = PurchaseViewController.swift; sourceTree = "<group>"; };
		EEF4E0762808AAFF002696CC /* CategoryCollectionViewController.swift */ = {isa = PBXFileReference; lastKnownFileType = sourcecode.swift; path = CategoryCollectionViewController.swift; sourceTree = "<group>"; };
/* End PBXFileReference section */

/* Begin PBXFrameworksBuildPhase section */
		EE893B732807453B004F1B5E /* Frameworks */ = {
			isa = PBXFrameworksBuildPhase;
			buildActionMask = 2147483647;
			files = (
				EEE71525285C670400382B8D /* SwiftySound in Frameworks */,
				EE670A6D285C687300345429 /* Alamofire in Frameworks */,
			);
			runOnlyForDeploymentPostprocessing = 0;
		};
		EE893B892807453C004F1B5E /* Frameworks */ = {
			isa = PBXFrameworksBuildPhase;
			buildActionMask = 2147483647;
			files = (
			);
			runOnlyForDeploymentPostprocessing = 0;
		};
		EE893B932807453C004F1B5E /* Frameworks */ = {
			isa = PBXFrameworksBuildPhase;
			buildActionMask = 2147483647;
			files = (
			);
			runOnlyForDeploymentPostprocessing = 0;
		};
/* End PBXFrameworksBuildPhase section */

/* Begin PBXGroup section */
		EE26A8882826F4CD00B9AC68 /* Sounds */ = {
			isa = PBXGroup;
			children = (
				EE26A88B2826F7D200B9AC68 /* countdown.wav */,
			);
			path = Sounds;
			sourceTree = "<group>";
		};
		EE893B6D2807453B004F1B5E = {
			isa = PBXGroup;
			children = (
				EE893B782807453B004F1B5E /* PanicSinger */,
				EE893B8F2807453C004F1B5E /* PanicSingerTests */,
				EE893B992807453C004F1B5E /* PanicSingerUITests */,
				EE3317AA284E3BB800E15AB9 /* PanicSinger.app */,
				EE3317AB284E3BB800E15AB9 /* PanicSingerTests.xctest */,
				EE3317AC284E3BB800E15AB9 /* PanicSingerUITests.xctest */,
			);
			sourceTree = "<group>";
		};
		EE893B782807453B004F1B5E /* PanicSinger */ = {
			isa = PBXGroup;
			children = (
				EE893BAD280746C5004F1B5E /* Models */,
				EE893BAC280746A7004F1B5E /* StoryBoards */,
				EE893BA928074683004F1B5E /* Controllers */,
				EE26A8882826F4CD00B9AC68 /* Sounds */,
				EE084203281A8C1A00294585 /* AppUtility.swift */,
				EE893B792807453B004F1B5E /* AppDelegate.swift */,
				EE893B7B2807453B004F1B5E /* SceneDelegate.swift */,
				EE88986228234543003386CD /* Media.xcassets */,
				EE699A042847C6E200C34C4E /* Colors.xcassets */,
				EE30EDF92819A2A900639B98 /* Songs.plist */,
				EE893B872807453C004F1B5E /* Info.plist */,
			);
			path = PanicSinger;
			sourceTree = "<group>";
		};
		EE893B8F2807453C004F1B5E /* PanicSingerTests */ = {
			isa = PBXGroup;
			children = (
				EE893B902807453C004F1B5E /* PanicSingerTests.swift */,
			);
			path = PanicSingerTests;
			sourceTree = "<group>";
		};
		EE893B992807453C004F1B5E /* PanicSingerUITests */ = {
			isa = PBXGroup;
			children = (
				EE893B9A2807453C004F1B5E /* PanicSingerUITests.swift */,
				EE893B9C2807453C004F1B5E /* PanicSingerUITestsLaunchTests.swift */,
			);
			path = PanicSingerUITests;
			sourceTree = "<group>";
		};
		EE893BA928074683004F1B5E /* Controllers */ = {
			isa = PBXGroup;
			children = (
				EEF4E0762808AAFF002696CC /* CategoryCollectionViewController.swift */,
				EED5AACB2832435B00ABBCCE /* CategoryCollectionViewCell.swift */,
				EE346DE928101A3D009AE78A /* ConfigurationsViewController.swift */,
				EE699A062847F20700C34C4E /* ConfigurationsViewController+Extensions.swift */,
				EEE5229328311C2700D665E5 /* PurchaseViewController.swift */,
				EE0841FF281A075000294585 /* GamePlayViewController.swift */,
				EEE5228F28310F2600D665E5 /* HeaderCollectionReusableView.swift */,
				EE395658282D864000590C73 /* RulesViewController.swift */,
			);
			path = Controllers;
			sourceTree = "<group>";
		};
		EE893BAC280746A7004F1B5E /* StoryBoards */ = {
			isa = PBXGroup;
			children = (
				EE893B842807453C004F1B5E /* LaunchScreen.storyboard */,
				EE893B7F2807453B004F1B5E /* Main.storyboard */,
				EE0D0747280CBF3E00225886 /* Configurations.storyboard */,
				EEE5229128311A9400D665E5 /* PurchaseView.storyboard */,
				EE0841FB281A06CB00294585 /* GamePlay.storyboard */,
			);
			path = StoryBoards;
			sourceTree = "<group>";
		};
		EE893BAD280746C5004F1B5E /* Models */ = {
			isa = PBXGroup;
			children = (
				EE24399E284959B60041D084 /* Connectivity.swift */,
				EE6D1A2C283BC1B0004491C4 /* States.swift */,
				EED5AACD2832511E00ABBCCE /* Category.swift */,
				EE301A2328196DE10022E03E /* Categories.swift */,
			);
			path = Models;
			sourceTree = "<group>";
		};
/* End PBXGroup section */

/* Begin PBXNativeTarget section */
		EE893B752807453B004F1B5E /* PanicSinger */ = {
			isa = PBXNativeTarget;
			buildConfigurationList = EE893BA02807453C004F1B5E /* Build configuration list for PBXNativeTarget "PanicSinger" */;
			buildPhases = (
				EE889859282264E3003386CD /* ShellScript */,
				EE893B722807453B004F1B5E /* Sources */,
				EE893B732807453B004F1B5E /* Frameworks */,
				EE893B742807453B004F1B5E /* Resources */,
			);
			buildRules = (
			);
			dependencies = (
			);
			name = PanicSinger;
			packageProductDependencies = (
				EEE71524285C670400382B8D /* SwiftySound */,
				EE670A6C285C687300345429 /* Alamofire */,
			);
			productName = PanicSinger;
			productReference = EE3317AA284E3BB800E15AB9 /* PanicSinger.app */;
			productType = "com.apple.product-type.application";
		};
		EE893B8B2807453C004F1B5E /* PanicSingerTests */ = {
			isa = PBXNativeTarget;
			buildConfigurationList = EE893BA32807453C004F1B5E /* Build configuration list for PBXNativeTarget "PanicSingerTests" */;
			buildPhases = (
				EE893B882807453C004F1B5E /* Sources */,
				EE893B892807453C004F1B5E /* Frameworks */,
				EE893B8A2807453C004F1B5E /* Resources */,
			);
			buildRules = (
			);
			dependencies = (
				EE893B8E2807453C004F1B5E /* PBXTargetDependency */,
			);
			name = PanicSingerTests;
			productName = PanicSingerTests;
			productReference = EE3317AB284E3BB800E15AB9 /* PanicSingerTests.xctest */;
			productType = "com.apple.product-type.bundle.unit-test";
		};
		EE893B952807453C004F1B5E /* PanicSingerUITests */ = {
			isa = PBXNativeTarget;
			buildConfigurationList = EE893BA62807453C004F1B5E /* Build configuration list for PBXNativeTarget "PanicSingerUITests" */;
			buildPhases = (
				EE893B922807453C004F1B5E /* Sources */,
				EE893B932807453C004F1B5E /* Frameworks */,
				EE893B942807453C004F1B5E /* Resources */,
			);
			buildRules = (
			);
			dependencies = (
				EE893B982807453C004F1B5E /* PBXTargetDependency */,
			);
			name = PanicSingerUITests;
			productName = PanicSingerUITests;
			productReference = EE3317AC284E3BB800E15AB9 /* PanicSingerUITests.xctest */;
			productType = "com.apple.product-type.bundle.ui-testing";
		};
/* End PBXNativeTarget section */

/* Begin PBXProject section */
		EE893B6E2807453B004F1B5E /* Project object */ = {
			isa = PBXProject;
			attributes = {
				BuildIndependentTargetsInParallel = 1;
				LastSwiftUpdateCheck = 1330;
				LastUpgradeCheck = 1330;
				TargetAttributes = {
					EE893B752807453B004F1B5E = {
						CreatedOnToolsVersion = 13.3.1;
					};
					EE893B8B2807453C004F1B5E = {
						CreatedOnToolsVersion = 13.3.1;
						TestTargetID = EE893B752807453B004F1B5E;
					};
					EE893B952807453C004F1B5E = {
						CreatedOnToolsVersion = 13.3.1;
						TestTargetID = EE893B752807453B004F1B5E;
					};
				};
			};
			buildConfigurationList = EE893B712807453B004F1B5E /* Build configuration list for PBXProject "PanicSinger" */;
			compatibilityVersion = "Xcode 13.0";
			developmentRegion = en;
			hasScannedForEncodings = 0;
			knownRegions = (
				en,
				Base,
			);
			mainGroup = EE893B6D2807453B004F1B5E;
			packageReferences = (
				EEE71523285C670400382B8D /* XCRemoteSwiftPackageReference "SwiftySound" */,
				EE670A6B285C687300345429 /* XCRemoteSwiftPackageReference "Alamofire" */,
			);
			productRefGroup = EE893B6D2807453B004F1B5E;
			projectDirPath = "";
			projectRoot = "";
			targets = (
				EE893B752807453B004F1B5E /* PanicSinger */,
				EE893B8B2807453C004F1B5E /* PanicSingerTests */,
				EE893B952807453C004F1B5E /* PanicSingerUITests */,
			);
		};
/* End PBXProject section */

/* Begin PBXResourcesBuildPhase section */
		EE893B742807453B004F1B5E /* Resources */ = {
			isa = PBXResourcesBuildPhase;
			buildActionMask = 2147483647;
			files = (
				EE699A052847C6E200C34C4E /* Colors.xcassets in Resources */,
				EE30EDFA2819A2A900639B98 /* Songs.plist in Resources */,
				EE893B862807453C004F1B5E /* LaunchScreen.storyboard in Resources */,
				EE26A88C2826F7D200B9AC68 /* countdown.wav in Resources */,
				EE893B812807453B004F1B5E /* Main.storyboard in Resources */,
				EEE5229228311A9400D665E5 /* PurchaseView.storyboard in Resources */,
				EE0841FC281A06CC00294585 /* GamePlay.storyboard in Resources */,
				EE88986328234543003386CD /* Media.xcassets in Resources */,
				EE0D0748280CBF3E00225886 /* Configurations.storyboard in Resources */,
			);
			runOnlyForDeploymentPostprocessing = 0;
		};
		EE893B8A2807453C004F1B5E /* Resources */ = {
			isa = PBXResourcesBuildPhase;
			buildActionMask = 2147483647;
			files = (
			);
			runOnlyForDeploymentPostprocessing = 0;
		};
		EE893B942807453C004F1B5E /* Resources */ = {
			isa = PBXResourcesBuildPhase;
			buildActionMask = 2147483647;
			files = (
			);
			runOnlyForDeploymentPostprocessing = 0;
		};
/* End PBXResourcesBuildPhase section */

/* Begin PBXShellScriptBuildPhase section */
		EE889859282264E3003386CD /* ShellScript */ = {
			isa = PBXShellScriptBuildPhase;
			buildActionMask = 2147483647;
			files = (
			);
			inputFileListPaths = (
			);
			inputPaths = (
			);
			outputFileListPaths = (
			);
			outputPaths = (
			);
			runOnlyForDeploymentPostprocessing = 0;
			shellPath = /bin/sh;
			shellScript = "export PATH=\"$PATH:/opt/homebrew/bin\"\nif which swiftlint > /dev/null; then\n  swiftlint\nelse\n  echo \"warning: SwiftLint not installed, download from https://github.com/realm/SwiftLint\"\nfi\n";
		};
/* End PBXShellScriptBuildPhase section */

/* Begin PBXSourcesBuildPhase section */
		EE893B722807453B004F1B5E /* Sources */ = {
			isa = PBXSourcesBuildPhase;
			buildActionMask = 2147483647;
			files = (
				EE893B7A2807453B004F1B5E /* AppDelegate.swift in Sources */,
				EEE5229028310F2600D665E5 /* HeaderCollectionReusableView.swift in Sources */,
				EE24399F284959B70041D084 /* Connectivity.swift in Sources */,
				EE084204281A8C1A00294585 /* AppUtility.swift in Sources */,
				EED5AACE2832511E00ABBCCE /* Category.swift in Sources */,
				EE346DEA28101A3D009AE78A /* ConfigurationsViewController.swift in Sources */,
				EEF4E0772808AAFF002696CC /* CategoryCollectionViewController.swift in Sources */,
				EEE5229428311C2700D665E5 /* PurchaseViewController.swift in Sources */,
				EE084200281A075000294585 /* GamePlayViewController.swift in Sources */,
				EE893B7C2807453B004F1B5E /* SceneDelegate.swift in Sources */,
				EED5AACC2832435B00ABBCCE /* CategoryCollectionViewCell.swift in Sources */,
				EE395659282D864000590C73 /* RulesViewController.swift in Sources */,
				EE6D1A2D283BC1B0004491C4 /* States.swift in Sources */,
				EE301A2428196DE10022E03E /* Categories.swift in Sources */,
				EE699A072847F20700C34C4E /* ConfigurationsViewController+Extensions.swift in Sources */,
			);
			runOnlyForDeploymentPostprocessing = 0;
		};
		EE893B882807453C004F1B5E /* Sources */ = {
			isa = PBXSourcesBuildPhase;
			buildActionMask = 2147483647;
			files = (
				EE893B912807453C004F1B5E /* PanicSingerTests.swift in Sources */,
			);
			runOnlyForDeploymentPostprocessing = 0;
		};
		EE893B922807453C004F1B5E /* Sources */ = {
			isa = PBXSourcesBuildPhase;
			buildActionMask = 2147483647;
			files = (
				EE893B9D2807453C004F1B5E /* PanicSingerUITestsLaunchTests.swift in Sources */,
				EE893B9B2807453C004F1B5E /* PanicSingerUITests.swift in Sources */,
			);
			runOnlyForDeploymentPostprocessing = 0;
		};
/* End PBXSourcesBuildPhase section */

/* Begin PBXTargetDependency section */
		EE893B8E2807453C004F1B5E /* PBXTargetDependency */ = {
			isa = PBXTargetDependency;
			target = EE893B752807453B004F1B5E /* PanicSinger */;
			targetProxy = EE893B8D2807453C004F1B5E /* PBXContainerItemProxy */;
		};
		EE893B982807453C004F1B5E /* PBXTargetDependency */ = {
			isa = PBXTargetDependency;
			target = EE893B752807453B004F1B5E /* PanicSinger */;
			targetProxy = EE893B972807453C004F1B5E /* PBXContainerItemProxy */;
		};
/* End PBXTargetDependency section */

/* Begin PBXVariantGroup section */
		EE893B7F2807453B004F1B5E /* Main.storyboard */ = {
			isa = PBXVariantGroup;
			children = (
				EE893B802807453B004F1B5E /* Base */,
			);
			name = Main.storyboard;
			sourceTree = "<group>";
		};
		EE893B842807453C004F1B5E /* LaunchScreen.storyboard */ = {
			isa = PBXVariantGroup;
			children = (
				EE893B852807453C004F1B5E /* Base */,
			);
			name = LaunchScreen.storyboard;
			sourceTree = "<group>";
		};
/* End PBXVariantGroup section */

/* Begin XCBuildConfiguration section */
		EE893B9E2807453C004F1B5E /* Debug */ = {
			isa = XCBuildConfiguration;
			buildSettings = {
				ALWAYS_SEARCH_USER_PATHS = NO;
				CLANG_ANALYZER_NONNULL = YES;
				CLANG_ANALYZER_NUMBER_OBJECT_CONVERSION = YES_AGGRESSIVE;
				CLANG_CXX_LANGUAGE_STANDARD = "gnu++17";
				CLANG_ENABLE_MODULES = YES;
				CLANG_ENABLE_OBJC_ARC = YES;
				CLANG_ENABLE_OBJC_WEAK = YES;
				CLANG_WARN_BLOCK_CAPTURE_AUTORELEASING = YES;
				CLANG_WARN_BOOL_CONVERSION = YES;
				CLANG_WARN_COMMA = YES;
				CLANG_WARN_CONSTANT_CONVERSION = YES;
				CLANG_WARN_DEPRECATED_OBJC_IMPLEMENTATIONS = YES;
				CLANG_WARN_DIRECT_OBJC_ISA_USAGE = YES_ERROR;
				CLANG_WARN_DOCUMENTATION_COMMENTS = YES;
				CLANG_WARN_EMPTY_BODY = YES;
				CLANG_WARN_ENUM_CONVERSION = YES;
				CLANG_WARN_INFINITE_RECURSION = YES;
				CLANG_WARN_INT_CONVERSION = YES;
				CLANG_WARN_NON_LITERAL_NULL_CONVERSION = YES;
				CLANG_WARN_OBJC_IMPLICIT_RETAIN_SELF = YES;
				CLANG_WARN_OBJC_LITERAL_CONVERSION = YES;
				CLANG_WARN_OBJC_ROOT_CLASS = YES_ERROR;
				CLANG_WARN_QUOTED_INCLUDE_IN_FRAMEWORK_HEADER = YES;
				CLANG_WARN_RANGE_LOOP_ANALYSIS = YES;
				CLANG_WARN_STRICT_PROTOTYPES = YES;
				CLANG_WARN_SUSPICIOUS_MOVE = YES;
				CLANG_WARN_UNGUARDED_AVAILABILITY = YES_AGGRESSIVE;
				CLANG_WARN_UNREACHABLE_CODE = YES;
				CLANG_WARN__DUPLICATE_METHOD_MATCH = YES;
				COPY_PHASE_STRIP = NO;
				DEBUG_INFORMATION_FORMAT = "dwarf-with-dsym";
				ENABLE_STRICT_OBJC_MSGSEND = YES;
				ENABLE_TESTABILITY = YES;
				GCC_C_LANGUAGE_STANDARD = gnu11;
				GCC_DYNAMIC_NO_PIC = NO;
				GCC_NO_COMMON_BLOCKS = YES;
				GCC_OPTIMIZATION_LEVEL = 0;
				GCC_PREPROCESSOR_DEFINITIONS = (
					"DEBUG=1",
					"$(inherited)",
				);
				GCC_WARN_64_TO_32_BIT_CONVERSION = YES;
				GCC_WARN_ABOUT_RETURN_TYPE = YES_ERROR;
				GCC_WARN_UNDECLARED_SELECTOR = YES;
				GCC_WARN_UNINITIALIZED_AUTOS = YES_AGGRESSIVE;
				GCC_WARN_UNUSED_FUNCTION = YES;
				GCC_WARN_UNUSED_VARIABLE = YES;
				IPHONEOS_DEPLOYMENT_TARGET = 14.5;
				MTL_ENABLE_DEBUG_INFO = INCLUDE_SOURCE;
				MTL_FAST_MATH = YES;
				ONLY_ACTIVE_ARCH = YES;
				SDKROOT = iphoneos;
				SWIFT_ACTIVE_COMPILATION_CONDITIONS = DEBUG;
				SWIFT_OPTIMIZATION_LEVEL = "-Onone";
				VALIDATE_PRODUCT = NO;
			};
			name = Debug;
		};
		EE893B9F2807453C004F1B5E /* Release */ = {
			isa = XCBuildConfiguration;
			buildSettings = {
				ALWAYS_SEARCH_USER_PATHS = NO;
				CLANG_ANALYZER_NONNULL = YES;
				CLANG_ANALYZER_NUMBER_OBJECT_CONVERSION = YES_AGGRESSIVE;
				CLANG_CXX_LANGUAGE_STANDARD = "gnu++17";
				CLANG_ENABLE_MODULES = YES;
				CLANG_ENABLE_OBJC_ARC = YES;
				CLANG_ENABLE_OBJC_WEAK = YES;
				CLANG_WARN_BLOCK_CAPTURE_AUTORELEASING = YES;
				CLANG_WARN_BOOL_CONVERSION = YES;
				CLANG_WARN_COMMA = YES;
				CLANG_WARN_CONSTANT_CONVERSION = YES;
				CLANG_WARN_DEPRECATED_OBJC_IMPLEMENTATIONS = YES;
				CLANG_WARN_DIRECT_OBJC_ISA_USAGE = YES_ERROR;
				CLANG_WARN_DOCUMENTATION_COMMENTS = YES;
				CLANG_WARN_EMPTY_BODY = YES;
				CLANG_WARN_ENUM_CONVERSION = YES;
				CLANG_WARN_INFINITE_RECURSION = YES;
				CLANG_WARN_INT_CONVERSION = YES;
				CLANG_WARN_NON_LITERAL_NULL_CONVERSION = YES;
				CLANG_WARN_OBJC_IMPLICIT_RETAIN_SELF = YES;
				CLANG_WARN_OBJC_LITERAL_CONVERSION = YES;
				CLANG_WARN_OBJC_ROOT_CLASS = YES_ERROR;
				CLANG_WARN_QUOTED_INCLUDE_IN_FRAMEWORK_HEADER = YES;
				CLANG_WARN_RANGE_LOOP_ANALYSIS = YES;
				CLANG_WARN_STRICT_PROTOTYPES = YES;
				CLANG_WARN_SUSPICIOUS_MOVE = YES;
				CLANG_WARN_UNGUARDED_AVAILABILITY = YES_AGGRESSIVE;
				CLANG_WARN_UNREACHABLE_CODE = YES;
				CLANG_WARN__DUPLICATE_METHOD_MATCH = YES;
				COPY_PHASE_STRIP = NO;
				DEBUG_INFORMATION_FORMAT = "dwarf-with-dsym";
				ENABLE_NS_ASSERTIONS = NO;
				ENABLE_STRICT_OBJC_MSGSEND = YES;
				GCC_C_LANGUAGE_STANDARD = gnu11;
				GCC_NO_COMMON_BLOCKS = YES;
				GCC_WARN_64_TO_32_BIT_CONVERSION = YES;
				GCC_WARN_ABOUT_RETURN_TYPE = YES_ERROR;
				GCC_WARN_UNDECLARED_SELECTOR = YES;
				GCC_WARN_UNINITIALIZED_AUTOS = YES_AGGRESSIVE;
				GCC_WARN_UNUSED_FUNCTION = YES;
				GCC_WARN_UNUSED_VARIABLE = YES;
				IPHONEOS_DEPLOYMENT_TARGET = 14.5;
				MTL_ENABLE_DEBUG_INFO = NO;
				MTL_FAST_MATH = YES;
				SDKROOT = iphoneos;
				SWIFT_COMPILATION_MODE = wholemodule;
				SWIFT_OPTIMIZATION_LEVEL = "-O";
				VALIDATE_PRODUCT = YES;
			};
			name = Release;
		};
		EE893BA12807453C004F1B5E /* Debug */ = {
			isa = XCBuildConfiguration;
			buildSettings = {
				ALLOW_TARGET_PLATFORM_SPECIALIZATION = NO;
				ASSETCATALOG_COMPILER_APPICON_NAME = AppIcon;
				ASSETCATALOG_COMPILER_GLOBAL_ACCENT_COLOR_NAME = AccentColor;
				CODE_SIGN_IDENTITY = "Apple Development";
				CODE_SIGN_STYLE = Automatic;
				CURRENT_PROJECT_VERSION = 1;
				DEBUG_INFORMATION_FORMAT = dwarf;
				DEVELOPMENT_TEAM = 3X949GH6N8;
				GENERATE_INFOPLIST_FILE = YES;
				INFOPLIST_FILE = PanicSinger/Info.plist;
				INFOPLIST_KEY_CFBundleDisplayName = "Panic Singer";
				INFOPLIST_KEY_UIApplicationSupportsIndirectInputEvents = YES;
				INFOPLIST_KEY_UILaunchStoryboardName = LaunchScreen;
				INFOPLIST_KEY_UIMainStoryboardFile = Main;
				INFOPLIST_KEY_UISupportedInterfaceOrientations_iPad = "UIInterfaceOrientationPortrait UIInterfaceOrientationPortraitUpsideDown UIInterfaceOrientationLandscapeLeft UIInterfaceOrientationLandscapeRight";
				INFOPLIST_KEY_UISupportedInterfaceOrientations_iPhone = "UIInterfaceOrientationPortrait UIInterfaceOrientationLandscapeLeft UIInterfaceOrientationLandscapeRight";
				INFOPLIST_KEY_UIUserInterfaceStyle = Light;
				IPHONEOS_DEPLOYMENT_TARGET = 14.4;
				LD_RUNPATH_SEARCH_PATHS = (
					"$(inherited)",
					"@executable_path/Frameworks",
				);
				MARKETING_VERSION = 1.1;
				PRODUCT_BUNDLE_IDENTIFIER = com.Khachatur.panicSinger;
				PRODUCT_NAME = "$(TARGET_NAME)";
				PROVISIONING_PROFILE_SPECIFIER = "";
				SWIFT_EMIT_LOC_STRINGS = YES;
				SWIFT_VERSION = 5.0;
				TARGETED_DEVICE_FAMILY = 1;
			};
			name = Debug;
		};
		EE893BA22807453C004F1B5E /* Release */ = {
			isa = XCBuildConfiguration;
			buildSettings = {
				ALLOW_TARGET_PLATFORM_SPECIALIZATION = NO;
				ASSETCATALOG_COMPILER_APPICON_NAME = AppIcon;
				ASSETCATALOG_COMPILER_GLOBAL_ACCENT_COLOR_NAME = AccentColor;
				CODE_SIGN_IDENTITY = "Apple Development";
				CODE_SIGN_STYLE = Automatic;
				CURRENT_PROJECT_VERSION = 1;
				DEBUG_INFORMATION_FORMAT = dwarf;
				DEVELOPMENT_TEAM = 3X949GH6N8;
				GENERATE_INFOPLIST_FILE = YES;
				INFOPLIST_FILE = PanicSinger/Info.plist;
				INFOPLIST_KEY_CFBundleDisplayName = "Panic Singer";
				INFOPLIST_KEY_UIApplicationSupportsIndirectInputEvents = YES;
				INFOPLIST_KEY_UILaunchStoryboardName = LaunchScreen;
				INFOPLIST_KEY_UIMainStoryboardFile = Main;
				INFOPLIST_KEY_UISupportedInterfaceOrientations_iPad = "UIInterfaceOrientationPortrait UIInterfaceOrientationPortraitUpsideDown UIInterfaceOrientationLandscapeLeft UIInterfaceOrientationLandscapeRight";
				INFOPLIST_KEY_UISupportedInterfaceOrientations_iPhone = "UIInterfaceOrientationPortrait UIInterfaceOrientationLandscapeLeft UIInterfaceOrientationLandscapeRight";
				INFOPLIST_KEY_UIUserInterfaceStyle = Light;
				IPHONEOS_DEPLOYMENT_TARGET = 14.4;
				LD_RUNPATH_SEARCH_PATHS = (
					"$(inherited)",
					"@executable_path/Frameworks",
				);
				MARKETING_VERSION = 1.1;
				PRODUCT_BUNDLE_IDENTIFIER = com.Khachatur.panicSinger;
				PRODUCT_NAME = "$(TARGET_NAME)";
				PROVISIONING_PROFILE_SPECIFIER = "";
				SWIFT_EMIT_LOC_STRINGS = YES;
				SWIFT_VERSION = 5.0;
				TARGETED_DEVICE_FAMILY = 1;
			};
			name = Release;
		};
		EE893BA42807453C004F1B5E /* Debug */ = {
			isa = XCBuildConfiguration;
			buildSettings = {
				ALWAYS_EMBED_SWIFT_STANDARD_LIBRARIES = YES;
				BUNDLE_LOADER = "$(TEST_HOST)";
				"CODE_SIGN_IDENTITY[sdk=macosx*]" = "Apple Development";
				CODE_SIGN_STYLE = Automatic;
				CURRENT_PROJECT_VERSION = 1;
				DEVELOPMENT_TEAM = 3X949GH6N8;
				GENERATE_INFOPLIST_FILE = YES;
				IPHONEOS_DEPLOYMENT_TARGET = 15.0;
				MARKETING_VERSION = 1.0;
				PRODUCT_BUNDLE_IDENTIFIER = PanicLLC.PanicSingerTests;
				PRODUCT_NAME = "$(TARGET_NAME)";
				SWIFT_EMIT_LOC_STRINGS = NO;
				SWIFT_VERSION = 5.0;
				TARGETED_DEVICE_FAMILY = "1,2";
				TEST_HOST = "$(BUILT_PRODUCTS_DIR)/PanicSinger.app/PanicSinger";
			};
			name = Debug;
		};
		EE893BA52807453C004F1B5E /* Release */ = {
			isa = XCBuildConfiguration;
			buildSettings = {
				ALWAYS_EMBED_SWIFT_STANDARD_LIBRARIES = YES;
				BUNDLE_LOADER = "$(TEST_HOST)";
				"CODE_SIGN_IDENTITY[sdk=macosx*]" = "Apple Development";
				CODE_SIGN_STYLE = Automatic;
				CURRENT_PROJECT_VERSION = 1;
				DEVELOPMENT_TEAM = 3X949GH6N8;
				GENERATE_INFOPLIST_FILE = YES;
				IPHONEOS_DEPLOYMENT_TARGET = 15.0;
				MARKETING_VERSION = 1.0;
				PRODUCT_BUNDLE_IDENTIFIER = PanicLLC.PanicSingerTests;
				PRODUCT_NAME = "$(TARGET_NAME)";
				SWIFT_EMIT_LOC_STRINGS = NO;
				SWIFT_VERSION = 5.0;
				TARGETED_DEVICE_FAMILY = "1,2";
				TEST_HOST = "$(BUILT_PRODUCTS_DIR)/PanicSinger.app/PanicSinger";
			};
			name = Release;
		};
		EE893BA72807453C004F1B5E /* Debug */ = {
			isa = XCBuildConfiguration;
			buildSettings = {
				ALWAYS_EMBED_SWIFT_STANDARD_LIBRARIES = YES;
				CODE_SIGN_STYLE = Automatic;
				CURRENT_PROJECT_VERSION = 1;
				GENERATE_INFOPLIST_FILE = YES;
				MARKETING_VERSION = 1.0;
				PRODUCT_BUNDLE_IDENTIFIER = PanicLLC.PanicSingerUITests;
				PRODUCT_NAME = "$(TARGET_NAME)";
				SWIFT_EMIT_LOC_STRINGS = NO;
				SWIFT_VERSION = 5.0;
				TARGETED_DEVICE_FAMILY = "1,2";
				TEST_TARGET_NAME = PanicSinger;
			};
			name = Debug;
		};
		EE893BA82807453C004F1B5E /* Release */ = {
			isa = XCBuildConfiguration;
			buildSettings = {
				ALWAYS_EMBED_SWIFT_STANDARD_LIBRARIES = YES;
				CODE_SIGN_STYLE = Automatic;
				CURRENT_PROJECT_VERSION = 1;
				GENERATE_INFOPLIST_FILE = YES;
				MARKETING_VERSION = 1.0;
				PRODUCT_BUNDLE_IDENTIFIER = PanicLLC.PanicSingerUITests;
				PRODUCT_NAME = "$(TARGET_NAME)";
				SWIFT_EMIT_LOC_STRINGS = NO;
				SWIFT_VERSION = 5.0;
				TARGETED_DEVICE_FAMILY = "1,2";
				TEST_TARGET_NAME = PanicSinger;
			};
			name = Release;
		};
/* End XCBuildConfiguration section */

/* Begin XCConfigurationList section */
		EE893B712807453B004F1B5E /* Build configuration list for PBXProject "PanicSinger" */ = {
			isa = XCConfigurationList;
			buildConfigurations = (
				EE893B9E2807453C004F1B5E /* Debug */,
				EE893B9F2807453C004F1B5E /* Release */,
			);
			defaultConfigurationIsVisible = 0;
			defaultConfigurationName = Release;
		};
		EE893BA02807453C004F1B5E /* Build configuration list for PBXNativeTarget "PanicSinger" */ = {
			isa = XCConfigurationList;
			buildConfigurations = (
				EE893BA12807453C004F1B5E /* Debug */,
				EE893BA22807453C004F1B5E /* Release */,
			);
			defaultConfigurationIsVisible = 0;
			defaultConfigurationName = Release;
		};
		EE893BA32807453C004F1B5E /* Build configuration list for PBXNativeTarget "PanicSingerTests" */ = {
			isa = XCConfigurationList;
			buildConfigurations = (
				EE893BA42807453C004F1B5E /* Debug */,
				EE893BA52807453C004F1B5E /* Release */,
			);
			defaultConfigurationIsVisible = 0;
			defaultConfigurationName = Release;
		};
		EE893BA62807453C004F1B5E /* Build configuration list for PBXNativeTarget "PanicSingerUITests" */ = {
			isa = XCConfigurationList;
			buildConfigurations = (
				EE893BA72807453C004F1B5E /* Debug */,
				EE893BA82807453C004F1B5E /* Release */,
			);
			defaultConfigurationIsVisible = 0;
			defaultConfigurationName = Release;
		};
/* End XCConfigurationList section */

/* Begin XCRemoteSwiftPackageReference section */
		EE670A6B285C687300345429 /* XCRemoteSwiftPackageReference "Alamofire" */ = {
			isa = XCRemoteSwiftPackageReference;
			repositoryURL = "https://github.com/Alamofire/Alamofire";
			requirement = {
				kind = upToNextMajorVersion;
				minimumVersion = 5.0.0;
			};
		};
		EEE71523285C670400382B8D /* XCRemoteSwiftPackageReference "SwiftySound" */ = {
			isa = XCRemoteSwiftPackageReference;
			repositoryURL = "https://github.com/adamcichy/SwiftySound";
			requirement = {
				branch = master;
				kind = branch;
			};
		};
/* End XCRemoteSwiftPackageReference section */

/* Begin XCSwiftPackageProductDependency section */
		EE670A6C285C687300345429 /* Alamofire */ = {
			isa = XCSwiftPackageProductDependency;
			package = EE670A6B285C687300345429 /* XCRemoteSwiftPackageReference "Alamofire" */;
			productName = Alamofire;
		};
		EEE71524285C670400382B8D /* SwiftySound */ = {
			isa = XCSwiftPackageProductDependency;
			package = EEE71523285C670400382B8D /* XCRemoteSwiftPackageReference "SwiftySound" */;
			productName = SwiftySound;
		};
/* End XCSwiftPackageProductDependency section */
	};
	rootObject = EE893B6E2807453B004F1B5E /* Project object */;
}
